// !$*UTF8*$!
{
	archiveVersion = 1;
	classes = {
	};
	objectVersion = 46;
	objects = {

/* Begin PBXBuildFile section */
		55B5791C1DBE8A000012459F /* AppDelegate.swift in Sources */ = {isa = PBXBuildFile; fileRef = 55B5791B1DBE89FF0012459F /* AppDelegate.swift */; };
		55B5791E1DBE8A000012459F /* ViewController.swift in Sources */ = {isa = PBXBuildFile; fileRef = 55B5791D1DBE8A000012459F /* ViewController.swift */; };
		55B579211DBE8A000012459F /* Main.storyboard in Resources */ = {isa = PBXBuildFile; fileRef = 55B5791F1DBE8A000012459F /* Main.storyboard */; };
		55B579231DBE8A000012459F /* Assets.xcassets in Resources */ = {isa = PBXBuildFile; fileRef = 55B579221DBE8A000012459F /* Assets.xcassets */; };
		55B579261DBE8A000012459F /* LaunchScreen.storyboard in Resources */ = {isa = PBXBuildFile; fileRef = 55B579241DBE8A000012459F /* LaunchScreen.storyboard */; };
		55B5792E1DBE8B770012459F /* pokemon.csv in Resources */ = {isa = PBXBuildFile; fileRef = 55B5792D1DBE8B770012459F /* pokemon.csv */; };
		55B579311DBE8D080012459F /* Pokemon.swift in Sources */ = {isa = PBXBuildFile; fileRef = 55B579301DBE8D080012459F /* Pokemon.swift */; };
		55B579341DBE9B970012459F /* PokeCell.swift in Sources */ = {isa = PBXBuildFile; fileRef = 55B579331DBE9B970012459F /* PokeCell.swift */; };
		55B579361DBEA4610012459F /* csv.swift in Sources */ = {isa = PBXBuildFile; fileRef = 55B579351DBEA4610012459F /* csv.swift */; };
		55B5793B1DBEA9D60012459F /* Pokemon Solid.ttf in Resources */ = {isa = PBXBuildFile; fileRef = 55B5793A1DBEA9D60012459F /* Pokemon Solid.ttf */; };
		55B5793D1DBEACCB0012459F /* music.mp3 in Resources */ = {isa = PBXBuildFile; fileRef = 55B5793C1DBEACCB0012459F /* music.mp3 */; };
/* End PBXBuildFile section */

/* Begin PBXFileReference section */
		55B579181DBE89FF0012459F /* Pokedex.app */ = {isa = PBXFileReference; explicitFileType = wrapper.application; includeInIndex = 0; path = Pokedex.app; sourceTree = BUILT_PRODUCTS_DIR; };
		55B5791B1DBE89FF0012459F /* AppDelegate.swift */ = {isa = PBXFileReference; lastKnownFileType = sourcecode.swift; path = AppDelegate.swift; sourceTree = "<group>"; };
		55B5791D1DBE8A000012459F /* ViewController.swift */ = {isa = PBXFileReference; lastKnownFileType = sourcecode.swift; path = ViewController.swift; sourceTree = "<group>"; };
		55B579201DBE8A000012459F /* Base */ = {isa = PBXFileReference; lastKnownFileType = file.storyboard; name = Base; path = Base.lproj/Main.storyboard; sourceTree = "<group>"; };
		55B579221DBE8A000012459F /* Assets.xcassets */ = {isa = PBXFileReference; lastKnownFileType = folder.assetcatalog; path = Assets.xcassets; sourceTree = "<group>"; };
		55B579251DBE8A000012459F /* Base */ = {isa = PBXFileReference; lastKnownFileType = file.storyboard; name = Base; path = Base.lproj/LaunchScreen.storyboard; sourceTree = "<group>"; };
		55B579271DBE8A000012459F /* Info.plist */ = {isa = PBXFileReference; lastKnownFileType = text.plist.xml; path = Info.plist; sourceTree = "<group>"; };
		55B5792D1DBE8B770012459F /* pokemon.csv */ = {isa = PBXFileReference; fileEncoding = 4; lastKnownFileType = text; path = pokemon.csv; sourceTree = "<group>"; };
		55B579301DBE8D080012459F /* Pokemon.swift */ = {isa = PBXFileReference; fileEncoding = 4; lastKnownFileType = sourcecode.swift; path = Pokemon.swift; sourceTree = "<group>"; };
		55B579331DBE9B970012459F /* PokeCell.swift */ = {isa = PBXFileReference; fileEncoding = 4; lastKnownFileType = sourcecode.swift; path = PokeCell.swift; sourceTree = "<group>"; };
		55B579351DBEA4610012459F /* csv.swift */ = {isa = PBXFileReference; fileEncoding = 4; lastKnownFileType = sourcecode.swift; path = csv.swift; sourceTree = "<group>"; };
		55B5793A1DBEA9D60012459F /* Pokemon Solid.ttf */ = {isa = PBXFileReference; lastKnownFileType = file; path = "Pokemon Solid.ttf"; sourceTree = "<group>"; };
		55B5793C1DBEACCB0012459F /* music.mp3 */ = {isa = PBXFileReference; lastKnownFileType = audio.mp3; path = music.mp3; sourceTree = "<group>"; };
/* End PBXFileReference section */

/* Begin PBXFrameworksBuildPhase section */
		55B579151DBE89FF0012459F /* Frameworks */ = {
			isa = PBXFrameworksBuildPhase;
			buildActionMask = 2147483647;
			files = (
			);
			runOnlyForDeploymentPostprocessing = 0;
		};
/* End PBXFrameworksBuildPhase section */

/* Begin PBXGroup section */
		55B5790F1DBE89FF0012459F = {
			isa = PBXGroup;
			children = (
				55B5791A1DBE89FF0012459F /* Pokedex */,
				55B579191DBE89FF0012459F /* Products */,
			);
			sourceTree = "<group>";
		};
		55B579191DBE89FF0012459F /* Products */ = {
			isa = PBXGroup;
			children = (
				55B579181DBE89FF0012459F /* Pokedex.app */,
			);
			name = Products;
			sourceTree = "<group>";
		};
		55B5791A1DBE89FF0012459F /* Pokedex */ = {
			isa = PBXGroup;
			children = (
				55B5792F1DBE8CF10012459F /* Model */,
				55B579321DBE9B540012459F /* View */,
				55B579381DBEA4880012459F /* Controller */,
				55B579371DBEA47A0012459F /* Util */,
				55B5791B1DBE89FF0012459F /* AppDelegate.swift */,
				55B5791F1DBE8A000012459F /* Main.storyboard */,
				55B579221DBE8A000012459F /* Assets.xcassets */,
				55B5793C1DBEACCB0012459F /* music.mp3 */,
				55B579241DBE8A000012459F /* LaunchScreen.storyboard */,
				55B579271DBE8A000012459F /* Info.plist */,
			);
			path = Pokedex;
			sourceTree = "<group>";
		};
		55B5792F1DBE8CF10012459F /* Model */ = {
			isa = PBXGroup;
			children = (
				55B579301DBE8D080012459F /* Pokemon.swift */,
			);
			name = Model;
			sourceTree = "<group>";
		};
		55B579321DBE9B540012459F /* View */ = {
			isa = PBXGroup;
			children = (
				55B579331DBE9B970012459F /* PokeCell.swift */,
			);
			name = View;
			sourceTree = "<group>";
		};
		55B579371DBEA47A0012459F /* Util */ = {
			isa = PBXGroup;
			children = (
				55B579351DBEA4610012459F /* csv.swift */,
				55B579391DBEA49A0012459F /* Resources */,
			);
			name = Util;
			sourceTree = "<group>";
		};
		55B579381DBEA4880012459F /* Controller */ = {
			isa = PBXGroup;
			children = (
				55B5791D1DBE8A000012459F /* ViewController.swift */,
			);
			name = Controller;
			sourceTree = "<group>";
		};
		55B579391DBEA49A0012459F /* Resources */ = {
			isa = PBXGroup;
			children = (
				55B5793A1DBEA9D60012459F /* Pokemon Solid.ttf */,
				55B5792D1DBE8B770012459F /* pokemon.csv */,
			);
			name = Resources;
			sourceTree = "<group>";
		};
/* End PBXGroup section */

/* Begin PBXNativeTarget section */
		55B579171DBE89FF0012459F /* Pokedex */ = {
			isa = PBXNativeTarget;
			buildConfigurationList = 55B5792A1DBE8A000012459F /* Build configuration list for PBXNativeTarget "Pokedex" */;
			buildPhases = (
				55B579141DBE89FF0012459F /* Sources */,
				55B579151DBE89FF0012459F /* Frameworks */,
				55B579161DBE89FF0012459F /* Resources */,
			);
			buildRules = (
			);
			dependencies = (
			);
			name = Pokedex;
			productName = Pokedex;
			productReference = 55B579181DBE89FF0012459F /* Pokedex.app */;
			productType = "com.apple.product-type.application";
		};
/* End PBXNativeTarget section */

/* Begin PBXProject section */
		55B579101DBE89FF0012459F /* Project object */ = {
			isa = PBXProject;
			attributes = {
				LastSwiftUpdateCheck = 0730;
				LastUpgradeCheck = 0730;
				ORGANIZATIONNAME = "Safina Lifa";
				TargetAttributes = {
					55B579171DBE89FF0012459F = {
						CreatedOnToolsVersion = 7.3.1;
					};
				};
			};
			buildConfigurationList = 55B579131DBE89FF0012459F /* Build configuration list for PBXProject "Pokedex" */;
			compatibilityVersion = "Xcode 3.2";
			developmentRegion = English;
			hasScannedForEncodings = 0;
			knownRegions = (
				en,
				Base,
			);
			mainGroup = 55B5790F1DBE89FF0012459F;
			productRefGroup = 55B579191DBE89FF0012459F /* Products */;
			projectDirPath = "";
			projectRoot = "";
			targets = (
				55B579171DBE89FF0012459F /* Pokedex */,
			);
		};
/* End PBXProject section */

/* Begin PBXResourcesBuildPhase section */
		55B579161DBE89FF0012459F /* Resources */ = {
			isa = PBXResourcesBuildPhase;
			buildActionMask = 2147483647;
			files = (
				55B5793B1DBEA9D60012459F /* Pokemon Solid.ttf in Resources */,
				55B579261DBE8A000012459F /* LaunchScreen.storyboard in Resources */,
				55B5793D1DBEACCB0012459F /* music.mp3 in Resources */,
				55B579231DBE8A000012459F /* Assets.xcassets in Resources */,
				55B5792E1DBE8B770012459F /* pokemon.csv in Resources */,
				55B579211DBE8A000012459F /* Main.storyboard in Resources */,
			);
			runOnlyForDeploymentPostprocessing = 0;
		};
/* End PBXResourcesBuildPhase section */

/* Begin PBXSourcesBuildPhase section */
		55B579141DBE89FF0012459F /* Sources */ = {
			isa = PBXSourcesBuildPhase;
			buildActionMask = 2147483647;
			files = (
				55B579341DBE9B970012459F /* PokeCell.swift in Sources */,
				55B5791E1DBE8A000012459F /* ViewController.swift in Sources */,
				55B5791C1DBE8A000012459F /* AppDelegate.swift in Sources */,
				55B579311DBE8D080012459F /* Pokemon.swift in Sources */,
				55B579361DBEA4610012459F /* csv.swift in Sources */,
			);
			runOnlyForDeploymentPostprocessing = 0;
		};
/* End PBXSourcesBuildPhase section */

/* Begin PBXVariantGroup section */
		55B5791F1DBE8A000012459F /* Main.storyboard */ = {
			isa = PBXVariantGroup;
			children = (
				55B579201DBE8A000012459F /* Base */,
			);
			name = Main.storyboard;
			sourceTree = "<group>";
		};
		55B579241DBE8A000012459F /* LaunchScreen.storyboard */ = {
			isa = PBXVariantGroup;
			children = (
				55B579251DBE8A000012459F /* Base */,
			);
			name = LaunchScreen.storyboard;
			sourceTree = "<group>";
		};
/* End PBXVariantGroup section */

/* Begin XCBuildConfiguration section */
		55B579281DBE8A000012459F /* Debug */ = {
			isa = XCBuildConfiguration;
			buildSettings = {
				ALWAYS_SEARCH_USER_PATHS = NO;
				CLANG_ANALYZER_NONNULL = YES;
				CLANG_CXX_LANGUAGE_STANDARD = "gnu++0x";
				CLANG_CXX_LIBRARY = "libc++";
				CLANG_ENABLE_MODULES = YES;
				CLANG_ENABLE_OBJC_ARC = YES;
				CLANG_WARN_BOOL_CONVERSION = YES;
				CLANG_WARN_CONSTANT_CONVERSION = YES;
				CLANG_WARN_DIRECT_OBJC_ISA_USAGE = YES_ERROR;
				CLANG_WARN_EMPTY_BODY = YES;
				CLANG_WARN_ENUM_CONVERSION = YES;
				CLANG_WARN_INT_CONVERSION = YES;
				CLANG_WARN_OBJC_ROOT_CLASS = YES_ERROR;
				CLANG_WARN_UNREACHABLE_CODE = YES;
				CLANG_WARN__DUPLICATE_METHOD_MATCH = YES;
				"CODE_SIGN_IDENTITY[sdk=iphoneos*]" = "iPhone Developer";
				COPY_PHASE_STRIP = NO;
				DEBUG_INFORMATION_FORMAT = dwarf;
				ENABLE_STRICT_OBJC_MSGSEND = YES;
				ENABLE_TESTABILITY = YES;
				GCC_C_LANGUAGE_STANDARD = gnu99;
				GCC_DYNAMIC_NO_PIC = NO;
				GCC_NO_COMMON_BLOCKS = YES;
				GCC_OPTIMIZATION_LEVEL = 0;
				GCC_PREPROCESSOR_DEFINITIONS = (
					"DEBUG=1",
					"$(inherited)",
				);
				GCC_WARN_64_TO_32_BIT_CONVERSION = YES;
				GCC_WARN_ABOUT_RETURN_TYPE = YES_ERROR;
				GCC_WARN_UNDECLARED_SELECTOR = YES;
				GCC_WARN_UNINITIALIZED_AUTOS = YES_AGGRESSIVE;
				GCC_WARN_UNUSED_FUNCTION = YES;
				GCC_WARN_UNUSED_VARIABLE = YES;
				IPHONEOS_DEPLOYMENT_TARGET = 9.3;
				MTL_ENABLE_DEBUG_INFO = YES;
				ONLY_ACTIVE_ARCH = YES;
				SDKROOT = iphoneos;
				SWIFT_OPTIMIZATION_LEVEL = "-Onone";
				TARGETED_DEVICE_FAMILY = "1,2";
			};
			name = Debug;
		};
		55B579291DBE8A000012459F /* Release */ = {
			isa = XCBuildConfiguration;
			buildSettings = {
				ALWAYS_SEARCH_USER_PATHS = NO;
				CLANG_ANALYZER_NONNULL = YES;
				CLANG_CXX_LANGUAGE_STANDARD = "gnu++0x";
				CLANG_CXX_LIBRARY = "libc++";
				CLANG_ENABLE_MODULES = YES;
				CLANG_ENABLE_OBJC_ARC = YES;
				CLANG_WARN_BOOL_CONVERSION = YES;
				CLANG_WARN_CONSTANT_CONVERSION = YES;
				CLANG_WARN_DIRECT_OBJC_ISA_USAGE = YES_ERROR;
				CLANG_WARN_EMPTY_BODY = YES;
				CLANG_WARN_ENUM_CONVERSION = YES;
				CLANG_WARN_INT_CONVERSION = YES;
				CLANG_WARN_OBJC_ROOT_CLASS = YES_ERROR;
				CLANG_WARN_UNREACHABLE_CODE = YES;
				CLANG_WARN__DUPLICATE_METHOD_MATCH = YES;
				"CODE_SIGN_IDENTITY[sdk=iphoneos*]" = "iPhone Developer";
				COPY_PHASE_STRIP = NO;
				DEBUG_INFORMATION_FORMAT = "dwarf-with-dsym";
				ENABLE_NS_ASSERTIONS = NO;
				ENABLE_STRICT_OBJC_MSGSEND = YES;
				GCC_C_LANGUAGE_STANDARD = gnu99;
				GCC_NO_COMMON_BLOCKS = YES;
				GCC_WARN_64_TO_32_BIT_CONVERSION = YES;
				GCC_WARN_ABOUT_RETURN_TYPE = YES_ERROR;
				GCC_WARN_UNDECLARED_SELECTOR = YES;
				GCC_WARN_UNINITIALIZED_AUTOS = YES_AGGRESSIVE;
				GCC_WARN_UNUSED_FUNCTION = YES;
				GCC_WARN_UNUSED_VARIABLE = YES;
				IPHONEOS_DEPLOYMENT_TARGET = 9.3;
				MTL_ENABLE_DEBUG_INFO = NO;
				SDKROOT = iphoneos;
				TARGETED_DEVICE_FAMILY = "1,2";
				VALIDATE_PRODUCT = YES;
			};
			name = Release;
		};
		55B5792B1DBE8A000012459F /* Debug */ = {
			isa = XCBuildConfiguration;
			buildSettings = {
				ASSETCATALOG_COMPILER_APPICON_NAME = AppIcon;
				INFOPLIST_FILE = Pokedex/Info.plist;
				LD_RUNPATH_SEARCH_PATHS = "$(inherited) @executable_path/Frameworks";
				PRODUCT_BUNDLE_IDENTIFIER = com.safinalifa.Pokedex;
				PRODUCT_NAME = "$(TARGET_NAME)";
			};
			name = Debug;
		};
		55B5792C1DBE8A000012459F /* Release */ = {
			isa = XCBuildConfiguration;
			buildSettings = {
				ASSETCATALOG_COMPILER_APPICON_NAME = AppIcon;
				INFOPLIST_FILE = Pokedex/Info.plist;
				LD_RUNPATH_SEARCH_PATHS = "$(inherited) @executable_path/Frameworks";
				PRODUCT_BUNDLE_IDENTIFIER = com.safinalifa.Pokedex;
				PRODUCT_NAME = "$(TARGET_NAME)";
			};
			name = Release;
		};
/* End XCBuildConfiguration section */

/* Begin XCConfigurationList section */
		55B579131DBE89FF0012459F /* Build configuration list for PBXProject "Pokedex" */ = {
			isa = XCConfigurationList;
			buildConfigurations = (
				55B579281DBE8A000012459F /* Debug */,
				55B579291DBE8A000012459F /* Release */,
			);
			defaultConfigurationIsVisible = 0;
			defaultConfigurationName = Release;
		};
		55B5792A1DBE8A000012459F /* Build configuration list for PBXNativeTarget "Pokedex" */ = {
			isa = XCConfigurationList;
			buildConfigurations = (
				55B5792B1DBE8A000012459F /* Debug */,
				55B5792C1DBE8A000012459F /* Release */,
			);
			defaultConfigurationIsVisible = 0;
		};
/* End XCConfigurationList section */
	};
	rootObject = 55B579101DBE89FF0012459F /* Project object */;
}
